
Microsoft Visual Studio Solution File, Format Version 12.00
# Visual Studio Version 17
VisualStudioVersion = 17.2.32519.379
MinimumVisualStudioVersion = 10.0.40219.1
Project("{FAE04EC0-301F-11D3-BF4B-00C04F79EFBC}") = "QuotesApi", "QuotesApi.csproj", "{135C485B-5DFD-4E8B-BCE7-F83BDD0D5A61}"
EndProject
Global
	GlobalSection(SolutionConfigurationPlatforms) = preSolution
		Debug|Any CPU = Debug|Any CPU
		Release|Any CPU = Release|Any CPU
	EndGlobalSection
	GlobalSection(ProjectConfigurationPlatforms) = postSolution
		{135C485B-5DFD-4E8B-BCE7-F83BDD0D5A61}.Debug|Any CPU.ActiveCfg = Debug|Any CPU
		{135C485B-5DFD-4E8B-BCE7-F83BDD0D5A61}.Debug|Any CPU.Build.0 = Debug|Any CPU
		{135C485B-5DFD-4E8B-BCE7-F83BDD0D5A61}.Release|Any CPU.ActiveCfg = Release|Any CPU
		{135C485B-5DFD-4E8B-BCE7-F83BDD0D5A61}.Release|Any CPU.Build.0 = Release|Any CPU
	EndGlobalSection
	GlobalSection(SolutionProperties) = preSolution
		HideSolutionNode = FALSE
	EndGlobalSection
	GlobalSection(ExtensibilityGlobals) = postSolution
		SolutionGuid = {24727B6C-11EA-418F-A8B2-C33E58FDECEF}
	EndGlobalSection
EndGlobal
